
Microsoft Visual Studio Solution File, Format Version 12.00
# Visual Studio Version 17
VisualStudioVersion = 17.7.34031.279
MinimumVisualStudioVersion = 10.0.40219.1
Project("{9A19103F-16F7-4668-BE54-9A1E7A4F7556}") = "Chronos.Avaliacao.Controller", "Chronos.Avaliacao.Controller.csproj", "{C6B58454-BFDC-4BDB-8EE7-9BBA7A25495B}"
EndProject
Project("{9A19103F-16F7-4668-BE54-9A1E7A4F7556}") = "Chronos.Avaliacao.Conexao", "..\Chronos.Avaliacao.Conexao\Chronos.Avaliacao.Conexao.csproj", "{9B727D99-574A-4C87-9314-D781AA8FAD0E}"
EndProject
Project("{9A19103F-16F7-4668-BE54-9A1E7A4F7556}") = "Chronos.Avaliacao.Repositorio", "..\Chronos.Avaliacao.Repositorio\Chronos.Avaliacao.Repositorio.csproj", "{13E2024D-2723-49DC-86C6-32033CA91575}"
EndProject
Project("{9A19103F-16F7-4668-BE54-9A1E7A4F7556}") = "Chronos.Avaliacao.Negocio", "..\Chronos.Avaliacao.Negocio\Chronos.Avaliacao.Negocio.csproj", "{14C21357-645A-4EE1-9BC6-18B01A152883}"
EndProject
Project("{9A19103F-16F7-4668-BE54-9A1E7A4F7556}") = "Chronos.Avaliacao.Entidade", "..\Chronos.Avaliacao.Entidade\Chronos.Avaliacao.Entidade.csproj", "{6275B50A-A655-46D2-B8F7-C5E57C7CC0A2}"
EndProject
Project("{9A19103F-16F7-4668-BE54-9A1E7A4F7556}") = "Chronos.Avaliacao.DTO", "..\Chronos.Avaliacao.DTO\Chronos.Avaliacao.DTO.csproj", "{6A81B7EC-CC22-4C96-9A51-23119A52AD67}"
EndProject
Project("{2150E333-8FDC-42A3-9474-1A3956D46DE8}") = "Avaliacao", "Avaliacao", "{FD6008B3-6F2F-480B-9AE1-5E908763E825}"
EndProject
Project("{2150E333-8FDC-42A3-9474-1A3956D46DE8}") = "Cadastros", "Cadastros", "{6AC5F715-6856-4FE6-9673-0DCDCDD6DEBF}"
EndProject
Project("{2150E333-8FDC-42A3-9474-1A3956D46DE8}") = "Importacoes", "Importacoes", "{25821DF4-765A-43AC-93C5-4E6AD83C309F}"
EndProject
Project("{2150E333-8FDC-42A3-9474-1A3956D46DE8}") = "Vendas", "Vendas", "{15875491-591F-4142-B98B-9D427B7929D4}"
EndProject
Project("{2150E333-8FDC-42A3-9474-1A3956D46DE8}") = "Financeiro", "Financeiro", "{1E6C6DFC-9FF1-4149-9DA4-33AE6D2EBC88}"
EndProject
Project("{2150E333-8FDC-42A3-9474-1A3956D46DE8}") = "Configuracoes", "Configuracoes", "{695E0713-3360-4A82-8F48-4F076941102C}"
EndProject
Project("{2150E333-8FDC-42A3-9474-1A3956D46DE8}") = "Gerenciamento", "Gerenciamento", "{FA88452C-B28E-43C4-B160-37945B5029CC}"
EndProject
Project("{2150E333-8FDC-42A3-9474-1A3956D46DE8}") = "Relatorios", "Relatorios", "{11819087-0589-4BC0-8DA8-9A91E9D7CEA4}"
EndProject
Project("{2150E333-8FDC-42A3-9474-1A3956D46DE8}") = "Controllers", "Controllers", "{4E185846-63D4-446A-801D-249CBB6F1D67}"
EndProject
Project("{2150E333-8FDC-42A3-9474-1A3956D46DE8}") = "Conexao", "Conexao", "{9D909C8B-3A29-4D2C-A656-AAC6D454477D}"
EndProject
Project("{FAE04EC0-301F-11D3-BF4B-00C04F79EFBC}") = "Chronos.Cadastros.DTO", "..\Chronos.Cadastros.DTO\Chronos.Cadastros.DTO.csproj", "{D506234C-C52D-4E4C-ADF3-2CDB45B1394D}"
EndProject
Project("{FAE04EC0-301F-11D3-BF4B-00C04F79EFBC}") = "Chronos.Cadastros.Entidade", "..\Chronos.Cadastros.Entidade\Chronos.Cadastros.Entidade.csproj", "{C769B487-D570-4F8C-9A56-0BA42D8348C4}"
EndProject
Project("{FAE04EC0-301F-11D3-BF4B-00C04F79EFBC}") = "Chronos.Cadastros.Negocio", "..\Chronos.Cadastros.Negocio\Chronos.Cadastros.Negocio.csproj", "{98AC4C29-0902-4FF2-98F1-A939A11CBC04}"
EndProject
Project("{FAE04EC0-301F-11D3-BF4B-00C04F79EFBC}") = "Chronos.Cadastros.Repositorio", "..\Chronos.Cadastros.Repositorio\Chronos.Cadastros.Repositorio.csproj", "{30378A04-66EE-41FF-AF92-1C10E0EBEE42}"
EndProject
Project("{FAE04EC0-301F-11D3-BF4B-00C04F79EFBC}") = "Chronos.Configuracoes.DTO", "..\Chronos.Configuracoes.DTO\Chronos.Configuracoes.DTO.csproj", "{F96ADBBD-40C3-4638-9A41-CFA3914CCF26}"
EndProject
Project("{FAE04EC0-301F-11D3-BF4B-00C04F79EFBC}") = "Chronos.Configuracoes.Entidade", "..\Chronos.Configuracoes.Entidade\Chronos.Configuracoes.Entidade.csproj", "{56C5B39E-7666-460A-B4AB-239C4D89E152}"
EndProject
Project("{FAE04EC0-301F-11D3-BF4B-00C04F79EFBC}") = "Chronos.Configuracoes.Negocio", "..\Chronos.Configuracoes.Negocio\Chronos.Configuracoes.Negocio.csproj", "{431FBF4B-8210-4CC8-B02C-2C2227525A07}"
EndProject
Project("{FAE04EC0-301F-11D3-BF4B-00C04F79EFBC}") = "Chronos.Configuracoes.Repositorio", "..\Chronos.Configuracoes.Repositorio\Chronos.Configuracoes.Repositorio.csproj", "{69B986B1-8714-4861-A72A-C312EB79D124}"
EndProject
Project("{FAE04EC0-301F-11D3-BF4B-00C04F79EFBC}") = "Chronos.Financeiro.DTO", "..\Chronos.Financeiro.DTO\Chronos.Financeiro.DTO.csproj", "{94C64D29-C9E2-483F-AFAA-2088508C1815}"
EndProject
Project("{FAE04EC0-301F-11D3-BF4B-00C04F79EFBC}") = "Chronos.Financeiro.Entidade", "..\Chronos.Financeiro.Entidade\Chronos.Financeiro.Entidade.csproj", "{18AC9887-40D6-4BCB-B631-C23D7839D4DC}"
EndProject
Project("{FAE04EC0-301F-11D3-BF4B-00C04F79EFBC}") = "Chronos.Financeiro.Negocio", "..\Chronos.Financeiro.Negocio\Chronos.Financeiro.Negocio.csproj", "{1F573211-A69C-4E1A-A566-5BE062F7D3F3}"
EndProject
Project("{FAE04EC0-301F-11D3-BF4B-00C04F79EFBC}") = "Chronos.Financeiro.Repositorio", "..\Chronos.Financeiro.Repositorio\Chronos.Financeiro.Repositorio.csproj", "{46218851-E5C9-49FC-AA2B-7064AACBBF5E}"
EndProject
Project("{FAE04EC0-301F-11D3-BF4B-00C04F79EFBC}") = "Chronos.Gerenciamento.DTO", "..\Chronos.Gerenciamento.DTO\Chronos.Gerenciamento.DTO.csproj", "{963B3A7D-3DC9-42B1-98B7-4B9994991B12}"
EndProject
Project("{FAE04EC0-301F-11D3-BF4B-00C04F79EFBC}") = "Chronos.Gerenciamento.Entidade", "..\Chronos.Gerenciamento.Entidade\Chronos.Gerenciamento.Entidade.csproj", "{9A7C0EC0-474E-4444-8241-93BBE29E7922}"
EndProject
Project("{FAE04EC0-301F-11D3-BF4B-00C04F79EFBC}") = "Chronos.Gerenciamento.Negocio", "..\Chronos.Gerenciamento.Negocio\Chronos.Gerenciamento.Negocio.csproj", "{FE098A15-3A93-4F45-95C2-C3F74016E72C}"
EndProject
Project("{FAE04EC0-301F-11D3-BF4B-00C04F79EFBC}") = "Chronos.Gerenciamento.Repositorio", "..\Chronos.Gerenciamento.Repositorio\Chronos.Gerenciamento.Repositorio.csproj", "{90FBF379-2119-4888-8050-8BD1D721DC9A}"
EndProject
Project("{FAE04EC0-301F-11D3-BF4B-00C04F79EFBC}") = "Chronos.Vendas.DTO", "..\Chronos.Vendas.DTO\Chronos.Vendas.DTO.csproj", "{5FB3679E-BD56-4A5C-85D2-C9282F98C26C}"
EndProject
Project("{FAE04EC0-301F-11D3-BF4B-00C04F79EFBC}") = "Chronos.Vendas.Entidade", "..\Chronos.Vendas.Entidade\Chronos.Vendas.Entidade.csproj", "{98A8E471-2B59-4633-9396-DCA1BB8B3EB3}"
EndProject
Project("{FAE04EC0-301F-11D3-BF4B-00C04F79EFBC}") = "Chronos.Vendas.Negocio", "..\Chronos.Vendas.Negocio\Chronos.Vendas.Negocio.csproj", "{0663DCE4-DEDA-4339-9904-B9E5E2A66ED9}"
EndProject
Project("{FAE04EC0-301F-11D3-BF4B-00C04F79EFBC}") = "Chronos.Vendas.Repositorio", "..\Chronos.Vendas.Repositorio\Chronos.Vendas.Repositorio.csproj", "{BE463EAE-4E33-4B56-B803-5E486DDCA2AA}"
EndProject
Project("{FAE04EC0-301F-11D3-BF4B-00C04F79EFBC}") = "Chronos.Importacoes.DTO", "..\Chronos.Importacoes\Chronos.Importacoes.DTO.csproj", "{420F6746-9548-4207-B8D6-9E1ECCB2726A}"
EndProject
Project("{FAE04EC0-301F-11D3-BF4B-00C04F79EFBC}") = "Chronos.Importacoes.Entidade", "..\Chronos.Importacoes.Entidade\Chronos.Importacoes.Entidade.csproj", "{A0DA4885-2B40-4316-AB1B-80B4F35C3DE9}"
EndProject
Project("{FAE04EC0-301F-11D3-BF4B-00C04F79EFBC}") = "Chronos.Importacoes.Negocio", "..\Chronos.Importacoes.Negocio\Chronos.Importacoes.Negocio.csproj", "{228358DA-4D7C-4CD3-A460-CF298700C07A}"
EndProject
Project("{FAE04EC0-301F-11D3-BF4B-00C04F79EFBC}") = "Chronos.Importacoes.Repositorio", "..\Chronos.Importacoes.Repositorio\Chronos.Importacoes.Repositorio.csproj", "{D88392D1-A15F-4E52-B15F-59D265560D8E}"
EndProject
Project("{FAE04EC0-301F-11D3-BF4B-00C04F79EFBC}") = "Chronos.Relatorio.DTO", "..\Chronos.Relatorio.DTO\Chronos.Relatorio.DTO.csproj", "{A1CB6593-DA4C-4BC6-B99D-EAAB59AD75A0}"
EndProject
Project("{FAE04EC0-301F-11D3-BF4B-00C04F79EFBC}") = "Chronos.Relatorio.Entidade", "..\Chronos.Relatorio.Entidade\Chronos.Relatorio.Entidade.csproj", "{8A628F22-D7BF-417C-822F-11455DC35177}"
EndProject
Project("{FAE04EC0-301F-11D3-BF4B-00C04F79EFBC}") = "Chronos.Relatorio.Negocio", "..\Chronos.Relatorio.Negocio\Chronos.Relatorio.Negocio.csproj", "{B7A69A5D-4933-43F9-B145-D31A2EC83116}"
EndProject
Project("{FAE04EC0-301F-11D3-BF4B-00C04F79EFBC}") = "Chronos.Relatorio.Repositorio", "..\Chronos.Relatorio.Repositorio\Chronos.Relatorio.Repositorio.csproj", "{1AB14E0B-1DC9-4C27-9E6A-AD63777216CF}"
EndProject
Project("{2150E333-8FDC-42A3-9474-1A3956D46DE8}") = "Geral", "Geral", "{4A30BC20-8982-48A5-849F-371BA88B5C98}"
EndProject
Global
	GlobalSection(SolutionConfigurationPlatforms) = preSolution
		Debug|Any CPU = Debug|Any CPU
		Release|Any CPU = Release|Any CPU
	EndGlobalSection
	GlobalSection(ProjectConfigurationPlatforms) = postSolution
		{C6B58454-BFDC-4BDB-8EE7-9BBA7A25495B}.Debug|Any CPU.ActiveCfg = Debug|Any CPU
		{C6B58454-BFDC-4BDB-8EE7-9BBA7A25495B}.Debug|Any CPU.Build.0 = Debug|Any CPU
		{C6B58454-BFDC-4BDB-8EE7-9BBA7A25495B}.Release|Any CPU.ActiveCfg = Release|Any CPU
		{C6B58454-BFDC-4BDB-8EE7-9BBA7A25495B}.Release|Any CPU.Build.0 = Release|Any CPU
		{9B727D99-574A-4C87-9314-D781AA8FAD0E}.Debug|Any CPU.ActiveCfg = Debug|Any CPU
		{9B727D99-574A-4C87-9314-D781AA8FAD0E}.Debug|Any CPU.Build.0 = Debug|Any CPU
		{9B727D99-574A-4C87-9314-D781AA8FAD0E}.Release|Any CPU.ActiveCfg = Release|Any CPU
		{9B727D99-574A-4C87-9314-D781AA8FAD0E}.Release|Any CPU.Build.0 = Release|Any CPU
		{13E2024D-2723-49DC-86C6-32033CA91575}.Debug|Any CPU.ActiveCfg = Debug|Any CPU
		{13E2024D-2723-49DC-86C6-32033CA91575}.Debug|Any CPU.Build.0 = Debug|Any CPU
		{13E2024D-2723-49DC-86C6-32033CA91575}.Release|Any CPU.ActiveCfg = Release|Any CPU
		{13E2024D-2723-49DC-86C6-32033CA91575}.Release|Any CPU.Build.0 = Release|Any CPU
		{14C21357-645A-4EE1-9BC6-18B01A152883}.Debug|Any CPU.ActiveCfg = Debug|Any CPU
		{14C21357-645A-4EE1-9BC6-18B01A152883}.Debug|Any CPU.Build.0 = Debug|Any CPU
		{14C21357-645A-4EE1-9BC6-18B01A152883}.Release|Any CPU.ActiveCfg = Release|Any CPU
		{14C21357-645A-4EE1-9BC6-18B01A152883}.Release|Any CPU.Build.0 = Release|Any CPU
		{6275B50A-A655-46D2-B8F7-C5E57C7CC0A2}.Debug|Any CPU.ActiveCfg = Debug|Any CPU
		{6275B50A-A655-46D2-B8F7-C5E57C7CC0A2}.Debug|Any CPU.Build.0 = Debug|Any CPU
		{6275B50A-A655-46D2-B8F7-C5E57C7CC0A2}.Release|Any CPU.ActiveCfg = Release|Any CPU
		{6275B50A-A655-46D2-B8F7-C5E57C7CC0A2}.Release|Any CPU.Build.0 = Release|Any CPU
		{6A81B7EC-CC22-4C96-9A51-23119A52AD67}.Debug|Any CPU.ActiveCfg = Debug|Any CPU
		{6A81B7EC-CC22-4C96-9A51-23119A52AD67}.Debug|Any CPU.Build.0 = Debug|Any CPU
		{6A81B7EC-CC22-4C96-9A51-23119A52AD67}.Release|Any CPU.ActiveCfg = Release|Any CPU
		{6A81B7EC-CC22-4C96-9A51-23119A52AD67}.Release|Any CPU.Build.0 = Release|Any CPU
		{D506234C-C52D-4E4C-ADF3-2CDB45B1394D}.Debug|Any CPU.ActiveCfg = Debug|Any CPU
		{D506234C-C52D-4E4C-ADF3-2CDB45B1394D}.Debug|Any CPU.Build.0 = Debug|Any CPU
		{D506234C-C52D-4E4C-ADF3-2CDB45B1394D}.Release|Any CPU.ActiveCfg = Release|Any CPU
		{D506234C-C52D-4E4C-ADF3-2CDB45B1394D}.Release|Any CPU.Build.0 = Release|Any CPU
		{C769B487-D570-4F8C-9A56-0BA42D8348C4}.Debug|Any CPU.ActiveCfg = Debug|Any CPU
		{C769B487-D570-4F8C-9A56-0BA42D8348C4}.Debug|Any CPU.Build.0 = Debug|Any CPU
		{C769B487-D570-4F8C-9A56-0BA42D8348C4}.Release|Any CPU.ActiveCfg = Release|Any CPU
		{C769B487-D570-4F8C-9A56-0BA42D8348C4}.Release|Any CPU.Build.0 = Release|Any CPU
		{98AC4C29-0902-4FF2-98F1-A939A11CBC04}.Debug|Any CPU.ActiveCfg = Debug|Any CPU
		{98AC4C29-0902-4FF2-98F1-A939A11CBC04}.Debug|Any CPU.Build.0 = Debug|Any CPU
		{98AC4C29-0902-4FF2-98F1-A939A11CBC04}.Release|Any CPU.ActiveCfg = Release|Any CPU
		{98AC4C29-0902-4FF2-98F1-A939A11CBC04}.Release|Any CPU.Build.0 = Release|Any CPU
		{30378A04-66EE-41FF-AF92-1C10E0EBEE42}.Debug|Any CPU.ActiveCfg = Debug|Any CPU
		{30378A04-66EE-41FF-AF92-1C10E0EBEE42}.Debug|Any CPU.Build.0 = Debug|Any CPU
		{30378A04-66EE-41FF-AF92-1C10E0EBEE42}.Release|Any CPU.ActiveCfg = Release|Any CPU
		{30378A04-66EE-41FF-AF92-1C10E0EBEE42}.Release|Any CPU.Build.0 = Release|Any CPU
		{F96ADBBD-40C3-4638-9A41-CFA3914CCF26}.Debug|Any CPU.ActiveCfg = Debug|Any CPU
		{F96ADBBD-40C3-4638-9A41-CFA3914CCF26}.Debug|Any CPU.Build.0 = Debug|Any CPU
		{F96ADBBD-40C3-4638-9A41-CFA3914CCF26}.Release|Any CPU.ActiveCfg = Release|Any CPU
		{F96ADBBD-40C3-4638-9A41-CFA3914CCF26}.Release|Any CPU.Build.0 = Release|Any CPU
		{56C5B39E-7666-460A-B4AB-239C4D89E152}.Debug|Any CPU.ActiveCfg = Debug|Any CPU
		{56C5B39E-7666-460A-B4AB-239C4D89E152}.Debug|Any CPU.Build.0 = Debug|Any CPU
		{56C5B39E-7666-460A-B4AB-239C4D89E152}.Release|Any CPU.ActiveCfg = Release|Any CPU
		{56C5B39E-7666-460A-B4AB-239C4D89E152}.Release|Any CPU.Build.0 = Release|Any CPU
		{431FBF4B-8210-4CC8-B02C-2C2227525A07}.Debug|Any CPU.ActiveCfg = Debug|Any CPU
		{431FBF4B-8210-4CC8-B02C-2C2227525A07}.Debug|Any CPU.Build.0 = Debug|Any CPU
		{431FBF4B-8210-4CC8-B02C-2C2227525A07}.Release|Any CPU.ActiveCfg = Release|Any CPU
		{431FBF4B-8210-4CC8-B02C-2C2227525A07}.Release|Any CPU.Build.0 = Release|Any CPU
		{69B986B1-8714-4861-A72A-C312EB79D124}.Debug|Any CPU.ActiveCfg = Debug|Any CPU
		{69B986B1-8714-4861-A72A-C312EB79D124}.Debug|Any CPU.Build.0 = Debug|Any CPU
		{69B986B1-8714-4861-A72A-C312EB79D124}.Release|Any CPU.ActiveCfg = Release|Any CPU
		{69B986B1-8714-4861-A72A-C312EB79D124}.Release|Any CPU.Build.0 = Release|Any CPU
		{94C64D29-C9E2-483F-AFAA-2088508C1815}.Debug|Any CPU.ActiveCfg = Debug|Any CPU
		{94C64D29-C9E2-483F-AFAA-2088508C1815}.Debug|Any CPU.Build.0 = Debug|Any CPU
		{94C64D29-C9E2-483F-AFAA-2088508C1815}.Release|Any CPU.ActiveCfg = Release|Any CPU
		{94C64D29-C9E2-483F-AFAA-2088508C1815}.Release|Any CPU.Build.0 = Release|Any CPU
		{18AC9887-40D6-4BCB-B631-C23D7839D4DC}.Debug|Any CPU.ActiveCfg = Debug|Any CPU
		{18AC9887-40D6-4BCB-B631-C23D7839D4DC}.Debug|Any CPU.Build.0 = Debug|Any CPU
		{18AC9887-40D6-4BCB-B631-C23D7839D4DC}.Release|Any CPU.ActiveCfg = Release|Any CPU
		{18AC9887-40D6-4BCB-B631-C23D7839D4DC}.Release|Any CPU.Build.0 = Release|Any CPU
		{1F573211-A69C-4E1A-A566-5BE062F7D3F3}.Debug|Any CPU.ActiveCfg = Debug|Any CPU
		{1F573211-A69C-4E1A-A566-5BE062F7D3F3}.Debug|Any CPU.Build.0 = Debug|Any CPU
		{1F573211-A69C-4E1A-A566-5BE062F7D3F3}.Release|Any CPU.ActiveCfg = Release|Any CPU
		{1F573211-A69C-4E1A-A566-5BE062F7D3F3}.Release|Any CPU.Build.0 = Release|Any CPU
		{46218851-E5C9-49FC-AA2B-7064AACBBF5E}.Debug|Any CPU.ActiveCfg = Debug|Any CPU
		{46218851-E5C9-49FC-AA2B-7064AACBBF5E}.Debug|Any CPU.Build.0 = Debug|Any CPU
		{46218851-E5C9-49FC-AA2B-7064AACBBF5E}.Release|Any CPU.ActiveCfg = Release|Any CPU
		{46218851-E5C9-49FC-AA2B-7064AACBBF5E}.Release|Any CPU.Build.0 = Release|Any CPU
		{963B3A7D-3DC9-42B1-98B7-4B9994991B12}.Debug|Any CPU.ActiveCfg = Debug|Any CPU
		{963B3A7D-3DC9-42B1-98B7-4B9994991B12}.Debug|Any CPU.Build.0 = Debug|Any CPU
		{963B3A7D-3DC9-42B1-98B7-4B9994991B12}.Release|Any CPU.ActiveCfg = Release|Any CPU
		{963B3A7D-3DC9-42B1-98B7-4B9994991B12}.Release|Any CPU.Build.0 = Release|Any CPU
		{9A7C0EC0-474E-4444-8241-93BBE29E7922}.Debug|Any CPU.ActiveCfg = Debug|Any CPU
		{9A7C0EC0-474E-4444-8241-93BBE29E7922}.Debug|Any CPU.Build.0 = Debug|Any CPU
		{9A7C0EC0-474E-4444-8241-93BBE29E7922}.Release|Any CPU.ActiveCfg = Release|Any CPU
		{9A7C0EC0-474E-4444-8241-93BBE29E7922}.Release|Any CPU.Build.0 = Release|Any CPU
		{FE098A15-3A93-4F45-95C2-C3F74016E72C}.Debug|Any CPU.ActiveCfg = Debug|Any CPU
		{FE098A15-3A93-4F45-95C2-C3F74016E72C}.Debug|Any CPU.Build.0 = Debug|Any CPU
		{FE098A15-3A93-4F45-95C2-C3F74016E72C}.Release|Any CPU.ActiveCfg = Release|Any CPU
		{FE098A15-3A93-4F45-95C2-C3F74016E72C}.Release|Any CPU.Build.0 = Release|Any CPU
		{90FBF379-2119-4888-8050-8BD1D721DC9A}.Debug|Any CPU.ActiveCfg = Debug|Any CPU
		{90FBF379-2119-4888-8050-8BD1D721DC9A}.Debug|Any CPU.Build.0 = Debug|Any CPU
		{90FBF379-2119-4888-8050-8BD1D721DC9A}.Release|Any CPU.ActiveCfg = Release|Any CPU
		{90FBF379-2119-4888-8050-8BD1D721DC9A}.Release|Any CPU.Build.0 = Release|Any CPU
		{5FB3679E-BD56-4A5C-85D2-C9282F98C26C}.Debug|Any CPU.ActiveCfg = Debug|Any CPU
		{5FB3679E-BD56-4A5C-85D2-C9282F98C26C}.Debug|Any CPU.Build.0 = Debug|Any CPU
		{5FB3679E-BD56-4A5C-85D2-C9282F98C26C}.Release|Any CPU.ActiveCfg = Release|Any CPU
		{5FB3679E-BD56-4A5C-85D2-C9282F98C26C}.Release|Any CPU.Build.0 = Release|Any CPU
		{98A8E471-2B59-4633-9396-DCA1BB8B3EB3}.Debug|Any CPU.ActiveCfg = Debug|Any CPU
		{98A8E471-2B59-4633-9396-DCA1BB8B3EB3}.Debug|Any CPU.Build.0 = Debug|Any CPU
		{98A8E471-2B59-4633-9396-DCA1BB8B3EB3}.Release|Any CPU.ActiveCfg = Release|Any CPU
		{98A8E471-2B59-4633-9396-DCA1BB8B3EB3}.Release|Any CPU.Build.0 = Release|Any CPU
		{0663DCE4-DEDA-4339-9904-B9E5E2A66ED9}.Debug|Any CPU.ActiveCfg = Debug|Any CPU
		{0663DCE4-DEDA-4339-9904-B9E5E2A66ED9}.Debug|Any CPU.Build.0 = Debug|Any CPU
		{0663DCE4-DEDA-4339-9904-B9E5E2A66ED9}.Release|Any CPU.ActiveCfg = Release|Any CPU
		{0663DCE4-DEDA-4339-9904-B9E5E2A66ED9}.Release|Any CPU.Build.0 = Release|Any CPU
		{BE463EAE-4E33-4B56-B803-5E486DDCA2AA}.Debug|Any CPU.ActiveCfg = Debug|Any CPU
		{BE463EAE-4E33-4B56-B803-5E486DDCA2AA}.Debug|Any CPU.Build.0 = Debug|Any CPU
		{BE463EAE-4E33-4B56-B803-5E486DDCA2AA}.Release|Any CPU.ActiveCfg = Release|Any CPU
		{BE463EAE-4E33-4B56-B803-5E486DDCA2AA}.Release|Any CPU.Build.0 = Release|Any CPU
		{420F6746-9548-4207-B8D6-9E1ECCB2726A}.Debug|Any CPU.ActiveCfg = Debug|Any CPU
		{420F6746-9548-4207-B8D6-9E1ECCB2726A}.Debug|Any CPU.Build.0 = Debug|Any CPU
		{420F6746-9548-4207-B8D6-9E1ECCB2726A}.Release|Any CPU.ActiveCfg = Release|Any CPU
		{420F6746-9548-4207-B8D6-9E1ECCB2726A}.Release|Any CPU.Build.0 = Release|Any CPU
		{A0DA4885-2B40-4316-AB1B-80B4F35C3DE9}.Debug|Any CPU.ActiveCfg = Debug|Any CPU
		{A0DA4885-2B40-4316-AB1B-80B4F35C3DE9}.Debug|Any CPU.Build.0 = Debug|Any CPU
		{A0DA4885-2B40-4316-AB1B-80B4F35C3DE9}.Release|Any CPU.ActiveCfg = Release|Any CPU
		{A0DA4885-2B40-4316-AB1B-80B4F35C3DE9}.Release|Any CPU.Build.0 = Release|Any CPU
		{228358DA-4D7C-4CD3-A460-CF298700C07A}.Debug|Any CPU.ActiveCfg = Debug|Any CPU
		{228358DA-4D7C-4CD3-A460-CF298700C07A}.Debug|Any CPU.Build.0 = Debug|Any CPU
		{228358DA-4D7C-4CD3-A460-CF298700C07A}.Release|Any CPU.ActiveCfg = Release|Any CPU
		{228358DA-4D7C-4CD3-A460-CF298700C07A}.Release|Any CPU.Build.0 = Release|Any CPU
		{D88392D1-A15F-4E52-B15F-59D265560D8E}.Debug|Any CPU.ActiveCfg = Debug|Any CPU
		{D88392D1-A15F-4E52-B15F-59D265560D8E}.Debug|Any CPU.Build.0 = Debug|Any CPU
		{D88392D1-A15F-4E52-B15F-59D265560D8E}.Release|Any CPU.ActiveCfg = Release|Any CPU
		{D88392D1-A15F-4E52-B15F-59D265560D8E}.Release|Any CPU.Build.0 = Release|Any CPU
		{A1CB6593-DA4C-4BC6-B99D-EAAB59AD75A0}.Debug|Any CPU.ActiveCfg = Debug|Any CPU
		{A1CB6593-DA4C-4BC6-B99D-EAAB59AD75A0}.Debug|Any CPU.Build.0 = Debug|Any CPU
		{A1CB6593-DA4C-4BC6-B99D-EAAB59AD75A0}.Release|Any CPU.ActiveCfg = Release|Any CPU
		{A1CB6593-DA4C-4BC6-B99D-EAAB59AD75A0}.Release|Any CPU.Build.0 = Release|Any CPU
		{8A628F22-D7BF-417C-822F-11455DC35177}.Debug|Any CPU.ActiveCfg = Debug|Any CPU
		{8A628F22-D7BF-417C-822F-11455DC35177}.Debug|Any CPU.Build.0 = Debug|Any CPU
		{8A628F22-D7BF-417C-822F-11455DC35177}.Release|Any CPU.ActiveCfg = Release|Any CPU
		{8A628F22-D7BF-417C-822F-11455DC35177}.Release|Any CPU.Build.0 = Release|Any CPU
		{B7A69A5D-4933-43F9-B145-D31A2EC83116}.Debug|Any CPU.ActiveCfg = Debug|Any CPU
		{B7A69A5D-4933-43F9-B145-D31A2EC83116}.Debug|Any CPU.Build.0 = Debug|Any CPU
		{B7A69A5D-4933-43F9-B145-D31A2EC83116}.Release|Any CPU.ActiveCfg = Release|Any CPU
		{B7A69A5D-4933-43F9-B145-D31A2EC83116}.Release|Any CPU.Build.0 = Release|Any CPU
		{1AB14E0B-1DC9-4C27-9E6A-AD63777216CF}.Debug|Any CPU.ActiveCfg = Debug|Any CPU
		{1AB14E0B-1DC9-4C27-9E6A-AD63777216CF}.Debug|Any CPU.Build.0 = Debug|Any CPU
		{1AB14E0B-1DC9-4C27-9E6A-AD63777216CF}.Release|Any CPU.ActiveCfg = Release|Any CPU
		{1AB14E0B-1DC9-4C27-9E6A-AD63777216CF}.Release|Any CPU.Build.0 = Release|Any CPU
	EndGlobalSection
	GlobalSection(SolutionProperties) = preSolution
		HideSolutionNode = FALSE
	EndGlobalSection
	GlobalSection(NestedProjects) = preSolution
		{C6B58454-BFDC-4BDB-8EE7-9BBA7A25495B} = {4E185846-63D4-446A-801D-249CBB6F1D67}
		{9B727D99-574A-4C87-9314-D781AA8FAD0E} = {9D909C8B-3A29-4D2C-A656-AAC6D454477D}
		{13E2024D-2723-49DC-86C6-32033CA91575} = {FD6008B3-6F2F-480B-9AE1-5E908763E825}
		{14C21357-645A-4EE1-9BC6-18B01A152883} = {FD6008B3-6F2F-480B-9AE1-5E908763E825}
		{6275B50A-A655-46D2-B8F7-C5E57C7CC0A2} = {FD6008B3-6F2F-480B-9AE1-5E908763E825}
		{6A81B7EC-CC22-4C96-9A51-23119A52AD67} = {FD6008B3-6F2F-480B-9AE1-5E908763E825}
		{FD6008B3-6F2F-480B-9AE1-5E908763E825} = {4A30BC20-8982-48A5-849F-371BA88B5C98}
		{6AC5F715-6856-4FE6-9673-0DCDCDD6DEBF} = {4A30BC20-8982-48A5-849F-371BA88B5C98}
		{25821DF4-765A-43AC-93C5-4E6AD83C309F} = {4A30BC20-8982-48A5-849F-371BA88B5C98}
		{15875491-591F-4142-B98B-9D427B7929D4} = {4A30BC20-8982-48A5-849F-371BA88B5C98}
		{1E6C6DFC-9FF1-4149-9DA4-33AE6D2EBC88} = {4A30BC20-8982-48A5-849F-371BA88B5C98}
		{695E0713-3360-4A82-8F48-4F076941102C} = {4A30BC20-8982-48A5-849F-371BA88B5C98}
		{FA88452C-B28E-43C4-B160-37945B5029CC} = {4A30BC20-8982-48A5-849F-371BA88B5C98}
		{11819087-0589-4BC0-8DA8-9A91E9D7CEA4} = {4A30BC20-8982-48A5-849F-371BA88B5C98}
		{4E185846-63D4-446A-801D-249CBB6F1D67} = {4A30BC20-8982-48A5-849F-371BA88B5C98}
		{9D909C8B-3A29-4D2C-A656-AAC6D454477D} = {4A30BC20-8982-48A5-849F-371BA88B5C98}
		{D506234C-C52D-4E4C-ADF3-2CDB45B1394D} = {6AC5F715-6856-4FE6-9673-0DCDCDD6DEBF}
		{C769B487-D570-4F8C-9A56-0BA42D8348C4} = {6AC5F715-6856-4FE6-9673-0DCDCDD6DEBF}
		{98AC4C29-0902-4FF2-98F1-A939A11CBC04} = {6AC5F715-6856-4FE6-9673-0DCDCDD6DEBF}
		{30378A04-66EE-41FF-AF92-1C10E0EBEE42} = {6AC5F715-6856-4FE6-9673-0DCDCDD6DEBF}
		{F96ADBBD-40C3-4638-9A41-CFA3914CCF26} = {695E0713-3360-4A82-8F48-4F076941102C}
		{56C5B39E-7666-460A-B4AB-239C4D89E152} = {695E0713-3360-4A82-8F48-4F076941102C}
		{431FBF4B-8210-4CC8-B02C-2C2227525A07} = {695E0713-3360-4A82-8F48-4F076941102C}
		{69B986B1-8714-4861-A72A-C312EB79D124} = {695E0713-3360-4A82-8F48-4F076941102C}
		{94C64D29-C9E2-483F-AFAA-2088508C1815} = {1E6C6DFC-9FF1-4149-9DA4-33AE6D2EBC88}
		{18AC9887-40D6-4BCB-B631-C23D7839D4DC} = {1E6C6DFC-9FF1-4149-9DA4-33AE6D2EBC88}
		{1F573211-A69C-4E1A-A566-5BE062F7D3F3} = {1E6C6DFC-9FF1-4149-9DA4-33AE6D2EBC88}
		{46218851-E5C9-49FC-AA2B-7064AACBBF5E} = {1E6C6DFC-9FF1-4149-9DA4-33AE6D2EBC88}
		{963B3A7D-3DC9-42B1-98B7-4B9994991B12} = {FA88452C-B28E-43C4-B160-37945B5029CC}
		{9A7C0EC0-474E-4444-8241-93BBE29E7922} = {FA88452C-B28E-43C4-B160-37945B5029CC}
		{FE098A15-3A93-4F45-95C2-C3F74016E72C} = {FA88452C-B28E-43C4-B160-37945B5029CC}
		{90FBF379-2119-4888-8050-8BD1D721DC9A} = {FA88452C-B28E-43C4-B160-37945B5029CC}
		{5FB3679E-BD56-4A5C-85D2-C9282F98C26C} = {15875491-591F-4142-B98B-9D427B7929D4}
		{98A8E471-2B59-4633-9396-DCA1BB8B3EB3} = {15875491-591F-4142-B98B-9D427B7929D4}
		{0663DCE4-DEDA-4339-9904-B9E5E2A66ED9} = {15875491-591F-4142-B98B-9D427B7929D4}
		{BE463EAE-4E33-4B56-B803-5E486DDCA2AA} = {15875491-591F-4142-B98B-9D427B7929D4}
		{420F6746-9548-4207-B8D6-9E1ECCB2726A} = {25821DF4-765A-43AC-93C5-4E6AD83C309F}
		{A0DA4885-2B40-4316-AB1B-80B4F35C3DE9} = {25821DF4-765A-43AC-93C5-4E6AD83C309F}
		{228358DA-4D7C-4CD3-A460-CF298700C07A} = {25821DF4-765A-43AC-93C5-4E6AD83C309F}
		{D88392D1-A15F-4E52-B15F-59D265560D8E} = {25821DF4-765A-43AC-93C5-4E6AD83C309F}
		{A1CB6593-DA4C-4BC6-B99D-EAAB59AD75A0} = {11819087-0589-4BC0-8DA8-9A91E9D7CEA4}
		{8A628F22-D7BF-417C-822F-11455DC35177} = {11819087-0589-4BC0-8DA8-9A91E9D7CEA4}
		{B7A69A5D-4933-43F9-B145-D31A2EC83116} = {11819087-0589-4BC0-8DA8-9A91E9D7CEA4}
		{1AB14E0B-1DC9-4C27-9E6A-AD63777216CF} = {11819087-0589-4BC0-8DA8-9A91E9D7CEA4}
	EndGlobalSection
	GlobalSection(ExtensibilityGlobals) = postSolution
		SolutionGuid = {BBBD13FB-C42F-412B-A664-AE4C6DB3C053}
	EndGlobalSection
EndGlobal
